lockfileVersion: 5.3

specifiers:
  stylelint-config-prettier: ^8.0.2
  stylelint-config-recommended: ^4.0.0

dependencies:
  stylelint-config-prettier: 8.0.2
  stylelint-config-recommended: 4.0.0

packages:

  /stylelint-config-prettier/8.0.2:
    resolution: {integrity: sha512-TN1l93iVTXpF9NJstlvP7nOu9zY2k+mN0NSFQ/VEGz15ZIP9ohdDZTtCWHs5LjctAhSAzaILULGbgiM0ItId3A==}
    engines: {node: '>= 10', npm: '>= 5'}
    hasBin: true
    peerDependencies:
      stylelint: '>=11.0.0'
    dev: false

  /stylelint-config-recommended/4.0.0:
    resolution: {integrity: sha512-sgna89Ng+25Hr9kmmaIxpGWt2LStVm1xf1807PdcWasiPDaOTkOHRL61sINw0twky7QMzafCGToGDnHT/kTHtQ==}
    peerDependencies:
      stylelint: ^13.12.0
    dev: false
