lockfileVersion: 5.3

specifiers:
  stylelint-config-prettier: ^9.0.3
  stylelint-config-recommended: ^6.0.0

dependencies:
  stylelint-config-prettier: 9.0.3
  stylelint-config-recommended: 6.0.0

packages:
  /stylelint-config-prettier/9.0.3:
    resolution:
      {
        integrity: sha512-5n9gUDp/n5tTMCq1GLqSpA30w2sqWITSSEiAWQlpxkKGAUbjcemQ0nbkRvRUa0B1LgD3+hCvdL7B1eTxy1QHJg==,
      }
    engines: { node: ">= 12" }
    hasBin: true
    peerDependencies:
      stylelint: ">=11.0.0"
    dev: false

  /stylelint-config-recommended/6.0.0:
    resolution:
      {
        integrity: sha512-ZorSSdyMcxWpROYUvLEMm0vSZud2uB7tX1hzBZwvVY9SV/uly4AvvJPPhCcymZL3fcQhEQG5AELmrxWqtmzacw==,
      }
    peerDependencies:
      stylelint: ^14.0.0
    dev: false
